
Microsoft Visual Studio Solution File, Format Version 12.00
# Visual Studio 15
VisualStudioVersion = 15.0.28307.960
MinimumVisualStudioVersion = 10.0.40219.1
Project("{FAE04EC0-301F-11D3-BF4B-00C04F79EFBC}") = "Bezp1", "Bezp1\Bezp1.csproj", "{53D24DE3-1435-4631-A26D-C8E7BC7EB334}"
EndProject
Global
	GlobalSection(SolutionConfigurationPlatforms) = preSolution
		Debug|Any CPU = Debug|Any CPU
		Release|Any CPU = Release|Any CPU
	EndGlobalSection
	GlobalSection(ProjectConfigurationPlatforms) = postSolution
		{53D24DE3-1435-4631-A26D-C8E7BC7EB334}.Debug|Any CPU.ActiveCfg = Debug|Any CPU
		{53D24DE3-1435-4631-A26D-C8E7BC7EB334}.Debug|Any CPU.Build.0 = Debug|Any CPU
		{53D24DE3-1435-4631-A26D-C8E7BC7EB334}.Release|Any CPU.ActiveCfg = Release|Any CPU
		{53D24DE3-1435-4631-A26D-C8E7BC7EB334}.Release|Any CPU.Build.0 = Release|Any CPU
	EndGlobalSection
	GlobalSection(SolutionProperties) = preSolution
		HideSolutionNode = FALSE
	EndGlobalSection
	GlobalSection(ExtensibilityGlobals) = postSolution
		SolutionGuid = {2E4A896C-962C-4671-BDB4-908240678373}
	EndGlobalSection
EndGlobal
